
Microsoft Visual Studio Solution File, Format Version 12.00
# Visual Studio Version 16
VisualStudioVersion = 16.0.29201.188
MinimumVisualStudioVersion = 10.0.40219.1
Project("{FAE04EC0-301F-11D3-BF4B-00C04F79EFBC}") = "Variables2", "Variables2\Variables2.csproj", "{9F8D2F0A-9E94-459D-8C2E-2F749942E54D}"
EndProject
Global
	GlobalSection(SolutionConfigurationPlatforms) = preSolution
		Debug|Any CPU = Debug|Any CPU
		Release|Any CPU = Release|Any CPU
	EndGlobalSection
	GlobalSection(ProjectConfigurationPlatforms) = postSolution
		{9F8D2F0A-9E94-459D-8C2E-2F749942E54D}.Debug|Any CPU.ActiveCfg = Debug|Any CPU
		{9F8D2F0A-9E94-459D-8C2E-2F749942E54D}.Debug|Any CPU.Build.0 = Debug|Any CPU
		{9F8D2F0A-9E94-459D-8C2E-2F749942E54D}.Release|Any CPU.ActiveCfg = Release|Any CPU
		{9F8D2F0A-9E94-459D-8C2E-2F749942E54D}.Release|Any CPU.Build.0 = Release|Any CPU
	EndGlobalSection
	GlobalSection(SolutionProperties) = preSolution
		HideSolutionNode = FALSE
	EndGlobalSection
	GlobalSection(ExtensibilityGlobals) = postSolution
		SolutionGuid = {1D3564C5-2C67-47C9-A8C7-4CA15581E929}
	EndGlobalSection
EndGlobal
